
Microsoft Visual Studio Solution File, Format Version 12.00
# Visual Studio Version 16
VisualStudioVersion = 16.0.29503.13
MinimumVisualStudioVersion = 10.0.40219.1
Project("{9A19103F-16F7-4668-BE54-9A1E7A4F7556}") = "EtoroEx", "EtoroEx\EtoroEx.csproj", "{F446A226-E7C3-4106-A7E1-210678C6CFA7}"
EndProject
Project("{9A19103F-16F7-4668-BE54-9A1E7A4F7556}") = "EtoroTests", "EtoroTests\EtoroTests.csproj", "{B3F0822C-D1CF-46EF-BF61-9431D5B11EC7}"
EndProject
Project("{2150E333-8FDC-42A3-9474-1A3956D46DE8}") = "Solution Items", "Solution Items", "{DE5BC4F6-8037-482D-A2A7-F18623730539}"
	ProjectSection(SolutionItems) = preProject
		..\..\..\..\..\jsons\test.json = ..\..\..\..\..\jsons\test.json
	EndProjectSection
EndProject
Global
	GlobalSection(SolutionConfigurationPlatforms) = preSolution
		Debug|Any CPU = Debug|Any CPU
		Release|Any CPU = Release|Any CPU
	EndGlobalSection
	GlobalSection(ProjectConfigurationPlatforms) = postSolution
		{F446A226-E7C3-4106-A7E1-210678C6CFA7}.Debug|Any CPU.ActiveCfg = Debug|Any CPU
		{F446A226-E7C3-4106-A7E1-210678C6CFA7}.Debug|Any CPU.Build.0 = Debug|Any CPU
		{F446A226-E7C3-4106-A7E1-210678C6CFA7}.Release|Any CPU.ActiveCfg = Release|Any CPU
		{F446A226-E7C3-4106-A7E1-210678C6CFA7}.Release|Any CPU.Build.0 = Release|Any CPU
		{B3F0822C-D1CF-46EF-BF61-9431D5B11EC7}.Debug|Any CPU.ActiveCfg = Debug|Any CPU
		{B3F0822C-D1CF-46EF-BF61-9431D5B11EC7}.Debug|Any CPU.Build.0 = Debug|Any CPU
		{B3F0822C-D1CF-46EF-BF61-9431D5B11EC7}.Release|Any CPU.ActiveCfg = Release|Any CPU
		{B3F0822C-D1CF-46EF-BF61-9431D5B11EC7}.Release|Any CPU.Build.0 = Release|Any CPU
	EndGlobalSection
	GlobalSection(SolutionProperties) = preSolution
		HideSolutionNode = FALSE
	EndGlobalSection
	GlobalSection(ExtensibilityGlobals) = postSolution
		SolutionGuid = {140ED5E1-754F-4B86-9FD6-A68A76D85623}
	EndGlobalSection
EndGlobal
